// !$*UTF8*$!
{
	archiveVersion = 1;
	classes = {
	};
	objectVersion = 46;
	objects = {

/* Begin PBXBuildFile section */
		D3777192510322F68CDBF110 /* basic_operators.swift in Sources */ = {isa = PBXBuildFile; fileRef = D377714ABC0BB4EF996AD831 /* basic_operators.swift */; };
		D37773C36A96D4F47B00679D /* strings.swift in Sources */ = {isa = PBXBuildFile; fileRef = D377786008396E3CEADFEB39 /* strings.swift */; };
		D37773F18B14D10F36B358F0 /* collections_arrays.swift in Sources */ = {isa = PBXBuildFile; fileRef = D377717631FFFED98AD1D7B5 /* collections_arrays.swift */; };
		D37775A7B9213D2E97D9C493 /* basics.swift in Sources */ = {isa = PBXBuildFile; fileRef = D37774F9F9F8D64C88828439 /* basics.swift */; };
		D3777634AD9C00B86C96039C /* collections_sets.swift in Sources */ = {isa = PBXBuildFile; fileRef = D377787CA25B19C2E2C90685 /* collections_sets.swift */; };
		D3777B33709513FD9FBDABDC /* collections_dictionaries.swift in Sources */ = {isa = PBXBuildFile; fileRef = D3777B5801229C1BC6B0F8E7 /* collections_dictionaries.swift */; };
		D3777F807AAB1552E7D9A39A /* main.swift in Sources */ = {isa = PBXBuildFile; fileRef = D377723D0A4C0F221CC621D2 /* main.swift */; };
/* End PBXBuildFile section */

/* Begin PBXCopyFilesBuildPhase section */
		D3777707A8E6B66B4EE68983 /* CopyFiles */ = {
			isa = PBXCopyFilesBuildPhase;
			buildActionMask = 2147483647;
			dstPath = /usr/share/man/man1/;
			dstSubfolderSpec = 0;
			files = (
			);
			runOnlyForDeploymentPostprocessing = 1;
		};
/* End PBXCopyFilesBuildPhase section */

/* Begin PBXFileReference section */
		D377714ABC0BB4EF996AD831 /* basic_operators.swift */ = {isa = PBXFileReference; fileEncoding = 4; lastKnownFileType = sourcecode.swift; path = basic_operators.swift; sourceTree = "<group>"; };
		D377717631FFFED98AD1D7B5 /* collections_arrays.swift */ = {isa = PBXFileReference; fileEncoding = 4; lastKnownFileType = sourcecode.swift; path = collections_arrays.swift; sourceTree = "<group>"; };
		D377723D0A4C0F221CC621D2 /* main.swift */ = {isa = PBXFileReference; fileEncoding = 4; lastKnownFileType = sourcecode.swift; path = main.swift; sourceTree = "<group>"; };
		D37774F9F9F8D64C88828439 /* basics.swift */ = {isa = PBXFileReference; fileEncoding = 4; lastKnownFileType = sourcecode.swift; path = basics.swift; sourceTree = "<group>"; };
		D37777781AA92C97B4D771E5 /* swift learning */ = {isa = PBXFileReference; explicitFileType = "compiled.mach-o.executable"; includeInIndex = 0; path = "swift learning"; sourceTree = BUILT_PRODUCTS_DIR; };
		D377786008396E3CEADFEB39 /* strings.swift */ = {isa = PBXFileReference; fileEncoding = 4; lastKnownFileType = sourcecode.swift; path = strings.swift; sourceTree = "<group>"; };
		D377787CA25B19C2E2C90685 /* collections_sets.swift */ = {isa = PBXFileReference; fileEncoding = 4; lastKnownFileType = sourcecode.swift; path = collections_sets.swift; sourceTree = "<group>"; };
		D3777B5801229C1BC6B0F8E7 /* collections_dictionaries.swift */ = {isa = PBXFileReference; fileEncoding = 4; lastKnownFileType = sourcecode.swift; path = collections_dictionaries.swift; sourceTree = "<group>"; };
/* End PBXFileReference section */

/* Begin PBXFrameworksBuildPhase section */
		D37774F971DBFDE0AEE62F3E /* Frameworks */ = {
			isa = PBXFrameworksBuildPhase;
			buildActionMask = 2147483647;
			files = (
			);
			runOnlyForDeploymentPostprocessing = 0;
		};
/* End PBXFrameworksBuildPhase section */

/* Begin PBXGroup section */
		D377786ADB86EFD5023A5954 = {
			isa = PBXGroup;
			children = (
				D3777B08BECE15B087826EC6 /* Products */,
				D37779D19659C1D783FB7DF9 /* swift learning */,
			);
			sourceTree = "<group>";
		};
		D37779D19659C1D783FB7DF9 /* swift learning */ = {
			isa = PBXGroup;
			children = (
				D37774F9F9F8D64C88828439 /* basics.swift */,
				D377723D0A4C0F221CC621D2 /* main.swift */,
				D377714ABC0BB4EF996AD831 /* basic_operators.swift */,
				D377786008396E3CEADFEB39 /* strings.swift */,
				D377717631FFFED98AD1D7B5 /* collections_arrays.swift */,
				D377787CA25B19C2E2C90685 /* collections_sets.swift */,
				D3777B5801229C1BC6B0F8E7 /* collections_dictionaries.swift */,
			);
			path = "swift learning";
			sourceTree = "<group>";
		};
		D3777B08BECE15B087826EC6 /* Products */ = {
			isa = PBXGroup;
			children = (
				D37777781AA92C97B4D771E5 /* swift learning */,
			);
			name = Products;
			sourceTree = "<group>";
		};
/* End PBXGroup section */

/* Begin PBXNativeTarget section */
		D37778DA6208F376FAF9EE47 /* swift learning */ = {
			isa = PBXNativeTarget;
			buildConfigurationList = D377733B79FF7383A4C3C84D /* Build configuration list for PBXNativeTarget "swift learning" */;
			buildPhases = (
				D3777283DDFD6E02670D7954 /* Sources */,
				D37774F971DBFDE0AEE62F3E /* Frameworks */,
				D3777707A8E6B66B4EE68983 /* CopyFiles */,
			);
			buildRules = (
			);
			dependencies = (
			);
			name = "swift learning";
			productName = "swift learning";
			productReference = D37777781AA92C97B4D771E5 /* swift learning */;
			productType = "com.apple.product-type.tool";
		};
/* End PBXNativeTarget section */

/* Begin PBXProject section */
		D3777835EE25DED70C1FFA1D /* Project object */ = {
			isa = PBXProject;
			attributes = {
				LastUpgradeCheck = 0820;
				ORGANIZATIONNAME = "Karel Herink";
			};
			buildConfigurationList = D37771EDF44EBB13A6096847 /* Build configuration list for PBXProject "swift learning" */;
			compatibilityVersion = "Xcode 3.2";
			developmentRegion = English;
			hasScannedForEncodings = 0;
			knownRegions = (
				en,
			);
			mainGroup = D377786ADB86EFD5023A5954;
			productRefGroup = D3777B08BECE15B087826EC6 /* Products */;
			projectDirPath = "";
			projectRoot = "";
			targets = (
				D37778DA6208F376FAF9EE47 /* swift learning */,
			);
		};
/* End PBXProject section */

/* Begin PBXSourcesBuildPhase section */
		D3777283DDFD6E02670D7954 /* Sources */ = {
			isa = PBXSourcesBuildPhase;
			buildActionMask = 2147483647;
			files = (
				D37775A7B9213D2E97D9C493 /* basics.swift in Sources */,
				D3777F807AAB1552E7D9A39A /* main.swift in Sources */,
				D3777192510322F68CDBF110 /* basic_operators.swift in Sources */,
				D37773C36A96D4F47B00679D /* strings.swift in Sources */,
				D37773F18B14D10F36B358F0 /* collections_arrays.swift in Sources */,
				D3777634AD9C00B86C96039C /* collections_sets.swift in Sources */,
				D3777B33709513FD9FBDABDC /* collections_dictionaries.swift in Sources */,
			);
			runOnlyForDeploymentPostprocessing = 0;
		};
/* End PBXSourcesBuildPhase section */

/* Begin XCBuildConfiguration section */
		D3777275D077158318E1FA50 /* Debug */ = {
			isa = XCBuildConfiguration;
			buildSettings = {
				ALWAYS_SEARCH_USER_PATHS = NO;
				CLANG_ANALYZER_NONNULL = YES;
				CLANG_CXX_LANGUAGE_STANDARD = "gnu++0x";
				CLANG_CXX_LIBRARY = "libc++";
				CLANG_ENABLE_MODULES = YES;
				CLANG_ENABLE_OBJC_ARC = YES;
				CLANG_WARN_BOOL_CONVERSION = YES;
				CLANG_WARN_CONSTANT_CONVERSION = YES;
				CLANG_WARN_DIRECT_OBJC_ISA_USAGE = YES_ERROR;
				CLANG_WARN_DOCUMENTATION_COMMENTS = YES;
				CLANG_WARN_EMPTY_BODY = YES;
				CLANG_WARN_ENUM_CONVERSION = YES;
				CLANG_WARN_INFINITE_RECURSION = YES;
				CLANG_WARN_INT_CONVERSION = YES;
				CLANG_WARN_OBJC_ROOT_CLASS = YES_ERROR;
				CLANG_WARN_SUSPICIOUS_MOVE = YES;
				CLANG_WARN_UNREACHABLE_CODE = YES;
				CLANG_WARN__DUPLICATE_METHOD_MATCH = YES;
				CODE_SIGN_IDENTITY = "-";
				COPY_PHASE_STRIP = NO;
				DEBUG_INFORMATION_FORMAT = dwarf;
				ENABLE_STRICT_OBJC_MSGSEND = YES;
				ENABLE_TESTABILITY = YES;
				GCC_C_LANGUAGE_STANDARD = gnu99;
				GCC_DYNAMIC_NO_PIC = NO;
				GCC_NO_COMMON_BLOCKS = YES;
				GCC_OPTIMIZATION_LEVEL = 0;
				GCC_PREPROCESSOR_DEFINITIONS = (
					"DEBUG=1",
					"$(inherited)",
				);
				GCC_WARN_64_TO_32_BIT_CONVERSION = YES;
				GCC_WARN_ABOUT_RETURN_TYPE = YES_ERROR;
				GCC_WARN_UNDECLARED_SELECTOR = YES;
				GCC_WARN_UNINITIALIZED_AUTOS = YES_AGGRESSIVE;
				GCC_WARN_UNUSED_FUNCTION = YES;
				GCC_WARN_UNUSED_VARIABLE = YES;
				MACOSX_DEPLOYMENT_TARGET = 10.11;
				MTL_ENABLE_DEBUG_INFO = YES;
				ONLY_ACTIVE_ARCH = YES;
				SDKROOT = macosx;
				SWIFT_OPTIMIZATION_LEVEL = "-Onone";
			};
			name = Debug;
		};
		D37772C79CB0A39D5F110FC8 /* Release */ = {
			isa = XCBuildConfiguration;
			buildSettings = {
				ALWAYS_SEARCH_USER_PATHS = NO;
				CLANG_ANALYZER_NONNULL = YES;
				CLANG_CXX_LANGUAGE_STANDARD = "gnu++0x";
				CLANG_CXX_LIBRARY = "libc++";
				CLANG_ENABLE_MODULES = YES;
				CLANG_ENABLE_OBJC_ARC = YES;
				CLANG_WARN_BOOL_CONVERSION = YES;
				CLANG_WARN_CONSTANT_CONVERSION = YES;
				CLANG_WARN_DIRECT_OBJC_ISA_USAGE = YES_ERROR;
				CLANG_WARN_DOCUMENTATION_COMMENTS = YES;
				CLANG_WARN_EMPTY_BODY = YES;
				CLANG_WARN_ENUM_CONVERSION = YES;
				CLANG_WARN_INFINITE_RECURSION = YES;
				CLANG_WARN_INT_CONVERSION = YES;
				CLANG_WARN_OBJC_ROOT_CLASS = YES_ERROR;
				CLANG_WARN_SUSPICIOUS_MOVE = YES;
				CLANG_WARN_UNREACHABLE_CODE = YES;
				CLANG_WARN__DUPLICATE_METHOD_MATCH = YES;
				CODE_SIGN_IDENTITY = "-";
				COPY_PHASE_STRIP = NO;
				DEBUG_INFORMATION_FORMAT = "dwarf-with-dsym";
				ENABLE_NS_ASSERTIONS = NO;
				ENABLE_STRICT_OBJC_MSGSEND = YES;
				GCC_C_LANGUAGE_STANDARD = gnu99;
				GCC_NO_COMMON_BLOCKS = YES;
				GCC_WARN_64_TO_32_BIT_CONVERSION = YES;
				GCC_WARN_ABOUT_RETURN_TYPE = YES_ERROR;
				GCC_WARN_UNDECLARED_SELECTOR = YES;
				GCC_WARN_UNINITIALIZED_AUTOS = YES_AGGRESSIVE;
				GCC_WARN_UNUSED_FUNCTION = YES;
				GCC_WARN_UNUSED_VARIABLE = YES;
				MACOSX_DEPLOYMENT_TARGET = 10.11;
				MTL_ENABLE_DEBUG_INFO = NO;
				SDKROOT = macosx;
				SWIFT_OPTIMIZATION_LEVEL = "-Owholemodule";
			};
			name = Release;
		};
		D37776D9F7BC5D17F6228606 /* Debug */ = {
			isa = XCBuildConfiguration;
			buildSettings = {
				PRODUCT_NAME = "$(TARGET_NAME)";
				SWIFT_VERSION = 3.0;
			};
			name = Debug;
		};
		D377798178DBA91562C7F098 /* Release */ = {
			isa = XCBuildConfiguration;
			buildSettings = {
				PRODUCT_NAME = "$(TARGET_NAME)";
				SWIFT_VERSION = 3.0;
			};
			name = Release;
		};
/* End XCBuildConfiguration section */

/* Begin XCConfigurationList section */
		D37771EDF44EBB13A6096847 /* Build configuration list for PBXProject "swift learning" */ = {
			isa = XCConfigurationList;
			buildConfigurations = (
				D3777275D077158318E1FA50 /* Debug */,
				D37772C79CB0A39D5F110FC8 /* Release */,
			);
			defaultConfigurationIsVisible = 0;
			defaultConfigurationName = Release;
		};
		D377733B79FF7383A4C3C84D /* Build configuration list for PBXNativeTarget "swift learning" */ = {
			isa = XCConfigurationList;
			buildConfigurations = (
				D37776D9F7BC5D17F6228606 /* Debug */,
				D377798178DBA91562C7F098 /* Release */,
			);
			defaultConfigurationIsVisible = 0;
			defaultConfigurationName = Release;
		};
/* End XCConfigurationList section */
	};
	rootObject = D3777835EE25DED70C1FFA1D /* Project object */;
}
